
Microsoft Visual Studio Solution File, Format Version 12.00
# Visual Studio Version 17
VisualStudioVersion = 17.4.33205.214
MinimumVisualStudioVersion = 10.0.40219.1
Project("{FAE04EC0-301F-11D3-BF4B-00C04F79EFBC}") = "auto_connect_api", "auto_connect_api\auto_connect_api.csproj", "{AA5635F1-E240-4F07-B2D8-A3BE76F3244D}"
EndProject
Global
	GlobalSection(SolutionConfigurationPlatforms) = preSolution
		Debug|Any CPU = Debug|Any CPU
		Release|Any CPU = Release|Any CPU
	EndGlobalSection
	GlobalSection(ProjectConfigurationPlatforms) = postSolution
		{AA5635F1-E240-4F07-B2D8-A3BE76F3244D}.Debug|Any CPU.ActiveCfg = Debug|Any CPU
		{AA5635F1-E240-4F07-B2D8-A3BE76F3244D}.Debug|Any CPU.Build.0 = Debug|Any CPU
		{AA5635F1-E240-4F07-B2D8-A3BE76F3244D}.Release|Any CPU.ActiveCfg = Release|Any CPU
		{AA5635F1-E240-4F07-B2D8-A3BE76F3244D}.Release|Any CPU.Build.0 = Release|Any CPU
	EndGlobalSection
	GlobalSection(SolutionProperties) = preSolution
		HideSolutionNode = FALSE
	EndGlobalSection
	GlobalSection(ExtensibilityGlobals) = postSolution
		SolutionGuid = {16B15BB9-40BE-4097-BB7D-B76470942B77}
	EndGlobalSection
EndGlobal
